
Microsoft Visual Studio Solution File, Format Version 12.00
# Visual Studio Version 16
VisualStudioVersion = 16.0.29613.14
MinimumVisualStudioVersion = 10.0.40219.1
Project("{8BC9CEB8-8B4A-11D0-8D11-00A0C91BC942}") = "MandelbrotProject", "MandelbrotProject.vcxproj", "{6860B9AB-3419-43A4-B982-DBBA308E02C3}"
EndProject
Project("{8BC9CEB8-8B4A-11D0-8D11-00A0C91BC942}") = "MandelbrotFractalRenderer", "MandelbrotFractalRenderer\MandelbrotFractalRenderer.vcxproj", "{BB2A47B9-59DB-492C-8B1A-1B8BDFC42B58}"
EndProject
Global
	GlobalSection(SolutionConfigurationPlatforms) = preSolution
		Debug|x64 = Debug|x64
		Debug|x86 = Debug|x86
		Release|x64 = Release|x64
		Release|x86 = Release|x86
	EndGlobalSection
	GlobalSection(ProjectConfigurationPlatforms) = postSolution
		{6860B9AB-3419-43A4-B982-DBBA308E02C3}.Debug|x64.ActiveCfg = Debug|x64
		{6860B9AB-3419-43A4-B982-DBBA308E02C3}.Debug|x64.Build.0 = Debug|x64
		{6860B9AB-3419-43A4-B982-DBBA308E02C3}.Debug|x86.ActiveCfg = Debug|Win32
		{6860B9AB-3419-43A4-B982-DBBA308E02C3}.Debug|x86.Build.0 = Debug|Win32
		{6860B9AB-3419-43A4-B982-DBBA308E02C3}.Release|x64.ActiveCfg = Release|x64
		{6860B9AB-3419-43A4-B982-DBBA308E02C3}.Release|x64.Build.0 = Release|x64
		{6860B9AB-3419-43A4-B982-DBBA308E02C3}.Release|x86.ActiveCfg = Release|Win32
		{6860B9AB-3419-43A4-B982-DBBA308E02C3}.Release|x86.Build.0 = Release|Win32
		{BB2A47B9-59DB-492C-8B1A-1B8BDFC42B58}.Debug|x64.ActiveCfg = Debug|x64
		{BB2A47B9-59DB-492C-8B1A-1B8BDFC42B58}.Debug|x64.Build.0 = Debug|x64
		{BB2A47B9-59DB-492C-8B1A-1B8BDFC42B58}.Debug|x86.ActiveCfg = Debug|Win32
		{BB2A47B9-59DB-492C-8B1A-1B8BDFC42B58}.Debug|x86.Build.0 = Debug|Win32
		{BB2A47B9-59DB-492C-8B1A-1B8BDFC42B58}.Release|x64.ActiveCfg = Release|x64
		{BB2A47B9-59DB-492C-8B1A-1B8BDFC42B58}.Release|x64.Build.0 = Release|x64
		{BB2A47B9-59DB-492C-8B1A-1B8BDFC42B58}.Release|x86.ActiveCfg = Release|Win32
		{BB2A47B9-59DB-492C-8B1A-1B8BDFC42B58}.Release|x86.Build.0 = Release|Win32
	EndGlobalSection
	GlobalSection(SolutionProperties) = preSolution
		HideSolutionNode = FALSE
	EndGlobalSection
	GlobalSection(ExtensibilityGlobals) = postSolution
		SolutionGuid = {69271CD2-8509-49E3-A27A-9A65FB185573}
	EndGlobalSection
EndGlobal
